// !$*UTF8*$!
{
	archiveVersion = 1;
	classes = {
	};
	objectVersion = 50;
	objects = {

/* Begin PBXBuildFile section */
		1513E32C24ECB0B30034993D /* AppDelegate.swift in Sources */ = {isa = PBXBuildFile; fileRef = 1513E32B24ECB0B30034993D /* AppDelegate.swift */; };
		1513E32E24ECB0B30034993D /* SceneDelegate.swift in Sources */ = {isa = PBXBuildFile; fileRef = 1513E32D24ECB0B30034993D /* SceneDelegate.swift */; };
		1513E33024ECB0B30034993D /* ViewController.swift in Sources */ = {isa = PBXBuildFile; fileRef = 1513E32F24ECB0B30034993D /* ViewController.swift */; };
		1513E33324ECB0B30034993D /* Main.storyboard in Resources */ = {isa = PBXBuildFile; fileRef = 1513E33124ECB0B30034993D /* Main.storyboard */; };
		1513E33524ECB0B70034993D /* Assets.xcassets in Resources */ = {isa = PBXBuildFile; fileRef = 1513E33424ECB0B70034993D /* Assets.xcassets */; };
		1513E33824ECB0B70034993D /* LaunchScreen.storyboard in Resources */ = {isa = PBXBuildFile; fileRef = 1513E33624ECB0B70034993D /* LaunchScreen.storyboard */; };
		1517813624F5E8AC000093E2 /* File.swift in Sources */ = {isa = PBXBuildFile; fileRef = 1517813524F5E8AC000093E2 /* File.swift */; };
		1517813824F5F1F7000093E2 /* WhatToDoViewController.swift in Sources */ = {isa = PBXBuildFile; fileRef = 1517813724F5F1F7000093E2 /* WhatToDoViewController.swift */; };
/* End PBXBuildFile section */

/* Begin PBXFileReference section */
		1513E32824ECB0B30034993D /* Ductales.app */ = {isa = PBXFileReference; explicitFileType = wrapper.application; includeInIndex = 0; path = Ductales.app; sourceTree = BUILT_PRODUCTS_DIR; };
		1513E32B24ECB0B30034993D /* AppDelegate.swift */ = {isa = PBXFileReference; lastKnownFileType = sourcecode.swift; path = AppDelegate.swift; sourceTree = "<group>"; };
		1513E32D24ECB0B30034993D /* SceneDelegate.swift */ = {isa = PBXFileReference; lastKnownFileType = sourcecode.swift; path = SceneDelegate.swift; sourceTree = "<group>"; };
		1513E32F24ECB0B30034993D /* ViewController.swift */ = {isa = PBXFileReference; lastKnownFileType = sourcecode.swift; path = ViewController.swift; sourceTree = "<group>"; };
		1513E33224ECB0B30034993D /* Base */ = {isa = PBXFileReference; lastKnownFileType = file.storyboard; name = Base; path = Base.lproj/Main.storyboard; sourceTree = "<group>"; };
		1513E33424ECB0B70034993D /* Assets.xcassets */ = {isa = PBXFileReference; lastKnownFileType = folder.assetcatalog; path = Assets.xcassets; sourceTree = "<group>"; };
		1513E33724ECB0B70034993D /* Base */ = {isa = PBXFileReference; lastKnownFileType = file.storyboard; name = Base; path = Base.lproj/LaunchScreen.storyboard; sourceTree = "<group>"; };
		1513E33924ECB0B70034993D /* Info.plist */ = {isa = PBXFileReference; lastKnownFileType = text.plist.xml; path = Info.plist; sourceTree = "<group>"; };
		1517813524F5E8AC000093E2 /* File.swift */ = {isa = PBXFileReference; lastKnownFileType = sourcecode.swift; path = File.swift; sourceTree = "<group>"; };
		1517813724F5F1F7000093E2 /* WhatToDoViewController.swift */ = {isa = PBXFileReference; lastKnownFileType = sourcecode.swift; path = WhatToDoViewController.swift; sourceTree = "<group>"; };
/* End PBXFileReference section */

/* Begin PBXFrameworksBuildPhase section */
		1513E32524ECB0B30034993D /* Frameworks */ = {
			isa = PBXFrameworksBuildPhase;
			buildActionMask = 2147483647;
			files = (
			);
			runOnlyForDeploymentPostprocessing = 0;
		};
/* End PBXFrameworksBuildPhase section */

/* Begin PBXGroup section */
		1513E31F24ECB0B30034993D = {
			isa = PBXGroup;
			children = (
				1513E32A24ECB0B30034993D /* Ductales */,
				1513E32924ECB0B30034993D /* Products */,
			);
			sourceTree = "<group>";
		};
		1513E32924ECB0B30034993D /* Products */ = {
			isa = PBXGroup;
			children = (
				1513E32824ECB0B30034993D /* Ductales.app */,
			);
			name = Products;
			sourceTree = "<group>";
		};
		1513E32A24ECB0B30034993D /* Ductales */ = {
			isa = PBXGroup;
			children = (
				1513E32B24ECB0B30034993D /* AppDelegate.swift */,
				1513E32D24ECB0B30034993D /* SceneDelegate.swift */,
				1513E32F24ECB0B30034993D /* ViewController.swift */,
				1517813724F5F1F7000093E2 /* WhatToDoViewController.swift */,
				1513E33124ECB0B30034993D /* Main.storyboard */,
				1513E33424ECB0B70034993D /* Assets.xcassets */,
				1513E33624ECB0B70034993D /* LaunchScreen.storyboard */,
				1513E33924ECB0B70034993D /* Info.plist */,
				1517813524F5E8AC000093E2 /* File.swift */,
			);
			path = Ductales;
			sourceTree = "<group>";
		};
/* End PBXGroup section */

/* Begin PBXNativeTarget section */
		1513E32724ECB0B30034993D /* Ductales */ = {
			isa = PBXNativeTarget;
			buildConfigurationList = 1513E33C24ECB0B70034993D /* Build configuration list for PBXNativeTarget "Ductales" */;
			buildPhases = (
				1513E32424ECB0B30034993D /* Sources */,
				1513E32524ECB0B30034993D /* Frameworks */,
				1513E32624ECB0B30034993D /* Resources */,
			);
			buildRules = (
			);
			dependencies = (
			);
			name = Ductales;
			productName = Ductales;
			productReference = 1513E32824ECB0B30034993D /* Ductales.app */;
			productType = "com.apple.product-type.application";
		};
/* End PBXNativeTarget section */

/* Begin PBXProject section */
		1513E32024ECB0B30034993D /* Project object */ = {
			isa = PBXProject;
			attributes = {
				LastSwiftUpdateCheck = 1160;
				LastUpgradeCheck = 1160;
				ORGANIZATIONNAME = "Dhiivyesh Rao";
				TargetAttributes = {
					1513E32724ECB0B30034993D = {
						CreatedOnToolsVersion = 11.6;
					};
				};
			};
			buildConfigurationList = 1513E32324ECB0B30034993D /* Build configuration list for PBXProject "Ductales" */;
			compatibilityVersion = "Xcode 9.3";
			developmentRegion = en;
			hasScannedForEncodings = 0;
			knownRegions = (
				en,
				Base,
			);
			mainGroup = 1513E31F24ECB0B30034993D;
			productRefGroup = 1513E32924ECB0B30034993D /* Products */;
			projectDirPath = "";
			projectRoot = "";
			targets = (
				1513E32724ECB0B30034993D /* Ductales */,
			);
		};
/* End PBXProject section */

/* Begin PBXResourcesBuildPhase section */
		1513E32624ECB0B30034993D /* Resources */ = {
			isa = PBXResourcesBuildPhase;
			buildActionMask = 2147483647;
			files = (
				1513E33824ECB0B70034993D /* LaunchScreen.storyboard in Resources */,
				1513E33524ECB0B70034993D /* Assets.xcassets in Resources */,
				1513E33324ECB0B30034993D /* Main.storyboard in Resources */,
			);
			runOnlyForDeploymentPostprocessing = 0;
		};
/* End PBXResourcesBuildPhase section */

/* Begin PBXSourcesBuildPhase section */
		1513E32424ECB0B30034993D /* Sources */ = {
			isa = PBXSourcesBuildPhase;
			buildActionMask = 2147483647;
			files = (
				1513E33024ECB0B30034993D /* ViewController.swift in Sources */,
				1517813624F5E8AC000093E2 /* File.swift in Sources */,
				1517813824F5F1F7000093E2 /* WhatToDoViewController.swift in Sources */,
				1513E32C24ECB0B30034993D /* AppDelegate.swift in Sources */,
				1513E32E24ECB0B30034993D /* SceneDelegate.swift in Sources */,
			);
			runOnlyForDeploymentPostprocessing = 0;
		};
/* End PBXSourcesBuildPhase section */

/* Begin PBXVariantGroup section */
		1513E33124ECB0B30034993D /* Main.storyboard */ = {
			isa = PBXVariantGroup;
			children = (
				1513E33224ECB0B30034993D /* Base */,
			);
			name = Main.storyboard;
			sourceTree = "<group>";
		};
		1513E33624ECB0B70034993D /* LaunchScreen.storyboard */ = {
			isa = PBXVariantGroup;
			children = (
				1513E33724ECB0B70034993D /* Base */,
			);
			name = LaunchScreen.storyboard;
			sourceTree = "<group>";
		};
/* End PBXVariantGroup section */

/* Begin XCBuildConfiguration section */
		1513E33A24ECB0B70034993D /* Debug */ = {
			isa = XCBuildConfiguration;
			buildSettings = {
				ALWAYS_SEARCH_USER_PATHS = NO;
				CLANG_ANALYZER_NONNULL = YES;
				CLANG_ANALYZER_NUMBER_OBJECT_CONVERSION = YES_AGGRESSIVE;
				CLANG_CXX_LANGUAGE_STANDARD = "gnu++14";
				CLANG_CXX_LIBRARY = "libc++";
				CLANG_ENABLE_MODULES = YES;
				CLANG_ENABLE_OBJC_ARC = YES;
				CLANG_ENABLE_OBJC_WEAK = YES;
				CLANG_WARN_BLOCK_CAPTURE_AUTORELEASING = YES;
				CLANG_WARN_BOOL_CONVERSION = YES;
				CLANG_WARN_COMMA = YES;
				CLANG_WARN_CONSTANT_CONVERSION = YES;
				CLANG_WARN_DEPRECATED_OBJC_IMPLEMENTATIONS = YES;
				CLANG_WARN_DIRECT_OBJC_ISA_USAGE = YES_ERROR;
				CLANG_WARN_DOCUMENTATION_COMMENTS = YES;
				CLANG_WARN_EMPTY_BODY = YES;
				CLANG_WARN_ENUM_CONVERSION = YES;
				CLANG_WARN_INFINITE_RECURSION = YES;
				CLANG_WARN_INT_CONVERSION = YES;
				CLANG_WARN_NON_LITERAL_NULL_CONVERSION = YES;
				CLANG_WARN_OBJC_IMPLICIT_RETAIN_SELF = YES;
				CLANG_WARN_OBJC_LITERAL_CONVERSION = YES;
				CLANG_WARN_OBJC_ROOT_CLASS = YES_ERROR;
				CLANG_WARN_RANGE_LOOP_ANALYSIS = YES;
				CLANG_WARN_STRICT_PROTOTYPES = YES;
				CLANG_WARN_SUSPICIOUS_MOVE = YES;
				CLANG_WARN_UNGUARDED_AVAILABILITY = YES_AGGRESSIVE;
				CLANG_WARN_UNREACHABLE_CODE = YES;
				CLANG_WARN__DUPLICATE_METHOD_MATCH = YES;
				COPY_PHASE_STRIP = NO;
				DEBUG_INFORMATION_FORMAT = dwarf;
				ENABLE_STRICT_OBJC_MSGSEND = YES;
				ENABLE_TESTABILITY = YES;
				GCC_C_LANGUAGE_STANDARD = gnu11;
				GCC_DYNAMIC_NO_PIC = NO;
				GCC_NO_COMMON_BLOCKS = YES;
				GCC_OPTIMIZATION_LEVEL = 0;
				GCC_PREPROCESSOR_DEFINITIONS = (
					"DEBUG=1",
					"$(inherited)",
				);
				GCC_WARN_64_TO_32_BIT_CONVERSION = YES;
				GCC_WARN_ABOUT_RETURN_TYPE = YES_ERROR;
				GCC_WARN_UNDECLARED_SELECTOR = YES;
				GCC_WARN_UNINITIALIZED_AUTOS = YES_AGGRESSIVE;
				GCC_WARN_UNUSED_FUNCTION = YES;
				GCC_WARN_UNUSED_VARIABLE = YES;
				IPHONEOS_DEPLOYMENT_TARGET = 13.6;
				MTL_ENABLE_DEBUG_INFO = INCLUDE_SOURCE;
				MTL_FAST_MATH = YES;
				ONLY_ACTIVE_ARCH = YES;
				SDKROOT = iphoneos;
				SWIFT_ACTIVE_COMPILATION_CONDITIONS = DEBUG;
				SWIFT_OPTIMIZATION_LEVEL = "-Onone";
			};
			name = Debug;
		};
		1513E33B24ECB0B70034993D /* Release */ = {
			isa = XCBuildConfiguration;
			buildSettings = {
				ALWAYS_SEARCH_USER_PATHS = NO;
				CLANG_ANALYZER_NONNULL = YES;
				CLANG_ANALYZER_NUMBER_OBJECT_CONVERSION = YES_AGGRESSIVE;
				CLANG_CXX_LANGUAGE_STANDARD = "gnu++14";
				CLANG_CXX_LIBRARY = "libc++";
				CLANG_ENABLE_MODULES = YES;
				CLANG_ENABLE_OBJC_ARC = YES;
				CLANG_ENABLE_OBJC_WEAK = YES;
				CLANG_WARN_BLOCK_CAPTURE_AUTORELEASING = YES;
				CLANG_WARN_BOOL_CONVERSION = YES;
				CLANG_WARN_COMMA = YES;
				CLANG_WARN_CONSTANT_CONVERSION = YES;
				CLANG_WARN_DEPRECATED_OBJC_IMPLEMENTATIONS = YES;
				CLANG_WARN_DIRECT_OBJC_ISA_USAGE = YES_ERROR;
				CLANG_WARN_DOCUMENTATION_COMMENTS = YES;
				CLANG_WARN_EMPTY_BODY = YES;
				CLANG_WARN_ENUM_CONVERSION = YES;
				CLANG_WARN_INFINITE_RECURSION = YES;
				CLANG_WARN_INT_CONVERSION = YES;
				CLANG_WARN_NON_LITERAL_NULL_CONVERSION = YES;
				CLANG_WARN_OBJC_IMPLICIT_RETAIN_SELF = YES;
				CLANG_WARN_OBJC_LITERAL_CONVERSION = YES;
				CLANG_WARN_OBJC_ROOT_CLASS = YES_ERROR;
				CLANG_WARN_RANGE_LOOP_ANALYSIS = YES;
				CLANG_WARN_STRICT_PROTOTYPES = YES;
				CLANG_WARN_SUSPICIOUS_MOVE = YES;
				CLANG_WARN_UNGUARDED_AVAILABILITY = YES_AGGRESSIVE;
				CLANG_WARN_UNREACHABLE_CODE = YES;
				CLANG_WARN__DUPLICATE_METHOD_MATCH = YES;
				COPY_PHASE_STRIP = NO;
				DEBUG_INFORMATION_FORMAT = "dwarf-with-dsym";
				ENABLE_NS_ASSERTIONS = NO;
				ENABLE_STRICT_OBJC_MSGSEND = YES;
				GCC_C_LANGUAGE_STANDARD = gnu11;
				GCC_NO_COMMON_BLOCKS = YES;
				GCC_WARN_64_TO_32_BIT_CONVERSION = YES;
				GCC_WARN_ABOUT_RETURN_TYPE = YES_ERROR;
				GCC_WARN_UNDECLARED_SELECTOR = YES;
				GCC_WARN_UNINITIALIZED_AUTOS = YES_AGGRESSIVE;
				GCC_WARN_UNUSED_FUNCTION = YES;
				GCC_WARN_UNUSED_VARIABLE = YES;
				IPHONEOS_DEPLOYMENT_TARGET = 13.6;
				MTL_ENABLE_DEBUG_INFO = NO;
				MTL_FAST_MATH = YES;
				SDKROOT = iphoneos;
				SWIFT_COMPILATION_MODE = wholemodule;
				SWIFT_OPTIMIZATION_LEVEL = "-O";
				VALIDATE_PRODUCT = YES;
			};
			name = Release;
		};
		1513E33D24ECB0B70034993D /* Debug */ = {
			isa = XCBuildConfiguration;
			buildSettings = {
				ASSETCATALOG_COMPILER_APPICON_NAME = AppIcon;
				CODE_SIGN_STYLE = Automatic;
				CURRENT_PROJECT_VERSION = 9;
				DEVELOPMENT_TEAM = 2M75CWCT76;
				INFOPLIST_FILE = Ductales/Info.plist;
				LD_RUNPATH_SEARCH_PATHS = (
					"$(inherited)",
					"@executable_path/Frameworks",
				);
				PRODUCT_BUNDLE_IDENTIFIER = com.dhiivyesh.Ductales;
				PRODUCT_NAME = "$(TARGET_NAME)";
				SWIFT_VERSION = 5.0;
				TARGETED_DEVICE_FAMILY = "1,2";
			};
			name = Debug;
		};
		1513E33E24ECB0B70034993D /* Release */ = {
			isa = XCBuildConfiguration;
			buildSettings = {
				ASSETCATALOG_COMPILER_APPICON_NAME = AppIcon;
				CODE_SIGN_STYLE = Automatic;
				CURRENT_PROJECT_VERSION = 9;
				DEVELOPMENT_TEAM = 2M75CWCT76;
				INFOPLIST_FILE = Ductales/Info.plist;
				LD_RUNPATH_SEARCH_PATHS = (
					"$(inherited)",
					"@executable_path/Frameworks",
				);
				PRODUCT_BUNDLE_IDENTIFIER = com.dhiivyesh.Ductales;
				PRODUCT_NAME = "$(TARGET_NAME)";
				SWIFT_VERSION = 5.0;
				TARGETED_DEVICE_FAMILY = "1,2";
			};
			name = Release;
		};
/* End XCBuildConfiguration section */

/* Begin XCConfigurationList section */
		1513E32324ECB0B30034993D /* Build configuration list for PBXProject "Ductales" */ = {
			isa = XCConfigurationList;
			buildConfigurations = (
				1513E33A24ECB0B70034993D /* Debug */,
				1513E33B24ECB0B70034993D /* Release */,
			);
			defaultConfigurationIsVisible = 0;
			defaultConfigurationName = Release;
		};
		1513E33C24ECB0B70034993D /* Build configuration list for PBXNativeTarget "Ductales" */ = {
			isa = XCConfigurationList;
			buildConfigurations = (
				1513E33D24ECB0B70034993D /* Debug */,
				1513E33E24ECB0B70034993D /* Release */,
			);
			defaultConfigurationIsVisible = 0;
			defaultConfigurationName = Release;
		};
/* End XCConfigurationList section */
	};
	rootObject = 1513E32024ECB0B30034993D /* Project object */;
}
